
Microsoft Visual Studio Solution File, Format Version 12.00
# Visual Studio Version 17
VisualStudioVersion = 17.11.35222.181
MinimumVisualStudioVersion = 10.0.40219.1
Project("{FAE04EC0-301F-11D3-BF4B-00C04F79EFBC}") = "4 function calculator", "4 function calculator\4 function calculator.csproj", "{AED5AC8B-AE9E-4C30-8064-DFEC06FFF136}"
EndProject
Global
	GlobalSection(SolutionConfigurationPlatforms) = preSolution
		Debug|Any CPU = Debug|Any CPU
		Release|Any CPU = Release|Any CPU
	EndGlobalSection
	GlobalSection(ProjectConfigurationPlatforms) = postSolution
		{AED5AC8B-AE9E-4C30-8064-DFEC06FFF136}.Debug|Any CPU.ActiveCfg = Debug|Any CPU
		{AED5AC8B-AE9E-4C30-8064-DFEC06FFF136}.Debug|Any CPU.Build.0 = Debug|Any CPU
		{AED5AC8B-AE9E-4C30-8064-DFEC06FFF136}.Release|Any CPU.ActiveCfg = Release|Any CPU
		{AED5AC8B-AE9E-4C30-8064-DFEC06FFF136}.Release|Any CPU.Build.0 = Release|Any CPU
	EndGlobalSection
	GlobalSection(SolutionProperties) = preSolution
		HideSolutionNode = FALSE
	EndGlobalSection
	GlobalSection(ExtensibilityGlobals) = postSolution
		SolutionGuid = {E98227FC-AA97-429A-8353-4F17A231BF91}
	EndGlobalSection
EndGlobal
